# THIS IS AN AUTOGENERATED FILE. DO NOT EDIT THIS FILE DIRECTLY.
# yarn lockfile v1


"@bytecodealliance/preview2-shim@^0.17.0":
  version "0.17.0"
  resolved "https://registry.yarnpkg.com/@bytecodealliance/preview2-shim/-/preview2-shim-0.17.0.tgz#9bc1cadbb9f86c446c6f579d3431c08a06a6672e"
  integrity sha512-JorcEwe4ud0x5BS/Ar2aQWOQoFzjq/7jcnxYXCvSMh0oRm0dQXzOA+hqLDBnOMks1LLBA7dmiLLsEBl09Yd6iQ==
